
Microsoft Visual Studio Solution File, Format Version 12.00
# Visual Studio 15
VisualStudioVersion = 15.0.27703.2018
MinimumVisualStudioVersion = 10.0.40219.1
Project("{FAE04EC0-301F-11D3-BF4B-00C04F79EFBC}") = "ShabzLockConcurrent", "ShabzLockConcurrent\ShabzLockConcurrent.csproj", "{FC29AEBC-51AE-4DE8-A5CB-83ACDA11C3EB}"
EndProject
Global
	GlobalSection(SolutionConfigurationPlatforms) = preSolution
		Debug|Any CPU = Debug|Any CPU
		Release|Any CPU = Release|Any CPU
	EndGlobalSection
	GlobalSection(ProjectConfigurationPlatforms) = postSolution
		{FC29AEBC-51AE-4DE8-A5CB-83ACDA11C3EB}.Debug|Any CPU.ActiveCfg = Debug|Any CPU
		{FC29AEBC-51AE-4DE8-A5CB-83ACDA11C3EB}.Debug|Any CPU.Build.0 = Debug|Any CPU
		{FC29AEBC-51AE-4DE8-A5CB-83ACDA11C3EB}.Release|Any CPU.ActiveCfg = Release|Any CPU
		{FC29AEBC-51AE-4DE8-A5CB-83ACDA11C3EB}.Release|Any CPU.Build.0 = Release|Any CPU
	EndGlobalSection
	GlobalSection(SolutionProperties) = preSolution
		HideSolutionNode = FALSE
	EndGlobalSection
	GlobalSection(ExtensibilityGlobals) = postSolution
		SolutionGuid = {1F9BD9AA-1FE5-4B08-B77B-E8E1153A1434}
	EndGlobalSection
EndGlobal
